
Microsoft Visual Studio Solution File, Format Version 12.00
# Visual Studio 2013
VisualStudioVersion = 12.0.40629.0
MinimumVisualStudioVersion = 10.0.40219.1
Project("{2150E333-8FDC-42A3-9474-1A3956D46DE8}") = "XG-2016001-UI", "XG-2016001-UI", "{219A05B4-4B22-4EFB-BFBD-57137FCD2A9C}"
EndProject
Project("{2150E333-8FDC-42A3-9474-1A3956D46DE8}") = "XG-2016002-Services", "XG-2016002-Services", "{E2FCD178-2987-47BF-8374-FDC06E8ACA1B}"
EndProject
Project("{2150E333-8FDC-42A3-9474-1A3956D46DE8}") = "XG-2016003-Respositry", "XG-2016003-Respositry", "{E4952EEF-720C-43EB-A973-F6E6A8CBDEA1}"
EndProject
Project("{2150E333-8FDC-42A3-9474-1A3956D46DE8}") = "XG-2016004-Infrastructure", "XG-2016004-Infrastructure", "{A53B40E0-3986-4B98-A44B-75B7E1D8C8CA}"
EndProject
Project("{FAE04EC0-301F-11D3-BF4B-00C04F79EFBC}") = "XG.Temp.Helper", "XG-2016001-UI\UI-Helper\XG.Temp.Helper.csproj", "{BF3D4D27-E084-4E8A-99BC-2FBC9B9EB51F}"
EndProject
Project("{FAE04EC0-301F-11D3-BF4B-00C04F79EFBC}") = "MyTemplate", "XG-2016001-UI\MyTemplate\MyTemplate.csproj", "{96227F7D-E06E-4FF5-9317-B512A32D9F2B}"
EndProject
Project("{FAE04EC0-301F-11D3-BF4B-00C04F79EFBC}") = "XG.Temp.Services", "XG-2016002-Services\XG-Temp-Services\XG.Temp.Services.csproj", "{E87C73F7-8E47-42D8-A213-23EDB831D39E}"
EndProject
Project("{FAE04EC0-301F-11D3-BF4B-00C04F79EFBC}") = "XG.Temp.IServices", "XG-2016002-Services\XG-Temp-Iservices\XG.Temp.IServices.csproj", "{C55ACD49-2672-4A91-AEA2-2595BF1B34B3}"
EndProject
Project("{FAE04EC0-301F-11D3-BF4B-00C04F79EFBC}") = "XG.Temp.RespositryMSSQL", "XG-2016003-Respositry\XG.Temp.RespositryMSSQL\XG.Temp.RespositryMSSQL.csproj", "{35BB8ECF-9B22-453B-9E25-0BC7FD90C693}"
EndProject
Project("{FAE04EC0-301F-11D3-BF4B-00C04F79EFBC}") = "XG.Temp.IRespositry", "XG-2016003-Respositry\XG-Temp-IRespositry\XG.Temp.IRespositry.csproj", "{875C6486-F38A-48F2-BC08-8C3F345BCF77}"
EndProject
Project("{FAE04EC0-301F-11D3-BF4B-00C04F79EFBC}") = "XG.Temp.Common", "XG-2016004-Infrastructure\XG.Temp.Common\XG.Temp.Common.csproj", "{E89CDAA6-9109-4B93-BE14-D62DD8247804}"
EndProject
Project("{FAE04EC0-301F-11D3-BF4B-00C04F79EFBC}") = "XG.Temp.DI", "XG-2016004-Infrastructure\XG.Temp.DI\XG.Temp.DI.csproj", "{EE4D22D9-CCEB-4E94-B822-34E7303433AC}"
EndProject
Project("{FAE04EC0-301F-11D3-BF4B-00C04F79EFBC}") = "XG.Temp.Model", "XG-2016004-Infrastructure\XG.Temp.Model\XG.Temp.Model.csproj", "{A9331129-7093-4929-A50A-AC04D5709A48}"
EndProject
Global
	GlobalSection(SolutionConfigurationPlatforms) = preSolution
		Debug|Any CPU = Debug|Any CPU
		Release|Any CPU = Release|Any CPU
	EndGlobalSection
	GlobalSection(ProjectConfigurationPlatforms) = postSolution
		{BF3D4D27-E084-4E8A-99BC-2FBC9B9EB51F}.Debug|Any CPU.ActiveCfg = Debug|Any CPU
		{BF3D4D27-E084-4E8A-99BC-2FBC9B9EB51F}.Debug|Any CPU.Build.0 = Debug|Any CPU
		{BF3D4D27-E084-4E8A-99BC-2FBC9B9EB51F}.Release|Any CPU.ActiveCfg = Release|Any CPU
		{BF3D4D27-E084-4E8A-99BC-2FBC9B9EB51F}.Release|Any CPU.Build.0 = Release|Any CPU
		{96227F7D-E06E-4FF5-9317-B512A32D9F2B}.Debug|Any CPU.ActiveCfg = Debug|Any CPU
		{96227F7D-E06E-4FF5-9317-B512A32D9F2B}.Debug|Any CPU.Build.0 = Debug|Any CPU
		{96227F7D-E06E-4FF5-9317-B512A32D9F2B}.Release|Any CPU.ActiveCfg = Release|Any CPU
		{96227F7D-E06E-4FF5-9317-B512A32D9F2B}.Release|Any CPU.Build.0 = Release|Any CPU
		{E87C73F7-8E47-42D8-A213-23EDB831D39E}.Debug|Any CPU.ActiveCfg = Debug|Any CPU
		{E87C73F7-8E47-42D8-A213-23EDB831D39E}.Debug|Any CPU.Build.0 = Debug|Any CPU
		{E87C73F7-8E47-42D8-A213-23EDB831D39E}.Release|Any CPU.ActiveCfg = Release|Any CPU
		{E87C73F7-8E47-42D8-A213-23EDB831D39E}.Release|Any CPU.Build.0 = Release|Any CPU
		{C55ACD49-2672-4A91-AEA2-2595BF1B34B3}.Debug|Any CPU.ActiveCfg = Debug|Any CPU
		{C55ACD49-2672-4A91-AEA2-2595BF1B34B3}.Debug|Any CPU.Build.0 = Debug|Any CPU
		{C55ACD49-2672-4A91-AEA2-2595BF1B34B3}.Release|Any CPU.ActiveCfg = Release|Any CPU
		{C55ACD49-2672-4A91-AEA2-2595BF1B34B3}.Release|Any CPU.Build.0 = Release|Any CPU
		{35BB8ECF-9B22-453B-9E25-0BC7FD90C693}.Debug|Any CPU.ActiveCfg = Debug|Any CPU
		{35BB8ECF-9B22-453B-9E25-0BC7FD90C693}.Debug|Any CPU.Build.0 = Debug|Any CPU
		{35BB8ECF-9B22-453B-9E25-0BC7FD90C693}.Release|Any CPU.ActiveCfg = Release|Any CPU
		{35BB8ECF-9B22-453B-9E25-0BC7FD90C693}.Release|Any CPU.Build.0 = Release|Any CPU
		{875C6486-F38A-48F2-BC08-8C3F345BCF77}.Debug|Any CPU.ActiveCfg = Debug|Any CPU
		{875C6486-F38A-48F2-BC08-8C3F345BCF77}.Debug|Any CPU.Build.0 = Debug|Any CPU
		{875C6486-F38A-48F2-BC08-8C3F345BCF77}.Release|Any CPU.ActiveCfg = Release|Any CPU
		{875C6486-F38A-48F2-BC08-8C3F345BCF77}.Release|Any CPU.Build.0 = Release|Any CPU
		{E89CDAA6-9109-4B93-BE14-D62DD8247804}.Debug|Any CPU.ActiveCfg = Debug|Any CPU
		{E89CDAA6-9109-4B93-BE14-D62DD8247804}.Debug|Any CPU.Build.0 = Debug|Any CPU
		{E89CDAA6-9109-4B93-BE14-D62DD8247804}.Release|Any CPU.ActiveCfg = Release|Any CPU
		{E89CDAA6-9109-4B93-BE14-D62DD8247804}.Release|Any CPU.Build.0 = Release|Any CPU
		{EE4D22D9-CCEB-4E94-B822-34E7303433AC}.Debug|Any CPU.ActiveCfg = Debug|Any CPU
		{EE4D22D9-CCEB-4E94-B822-34E7303433AC}.Debug|Any CPU.Build.0 = Debug|Any CPU
		{EE4D22D9-CCEB-4E94-B822-34E7303433AC}.Release|Any CPU.ActiveCfg = Release|Any CPU
		{EE4D22D9-CCEB-4E94-B822-34E7303433AC}.Release|Any CPU.Build.0 = Release|Any CPU
		{A9331129-7093-4929-A50A-AC04D5709A48}.Debug|Any CPU.ActiveCfg = Debug|Any CPU
		{A9331129-7093-4929-A50A-AC04D5709A48}.Debug|Any CPU.Build.0 = Debug|Any CPU
		{A9331129-7093-4929-A50A-AC04D5709A48}.Release|Any CPU.ActiveCfg = Release|Any CPU
		{A9331129-7093-4929-A50A-AC04D5709A48}.Release|Any CPU.Build.0 = Release|Any CPU
	EndGlobalSection
	GlobalSection(SolutionProperties) = preSolution
		HideSolutionNode = FALSE
	EndGlobalSection
	GlobalSection(NestedProjects) = preSolution
		{BF3D4D27-E084-4E8A-99BC-2FBC9B9EB51F} = {219A05B4-4B22-4EFB-BFBD-57137FCD2A9C}
		{96227F7D-E06E-4FF5-9317-B512A32D9F2B} = {219A05B4-4B22-4EFB-BFBD-57137FCD2A9C}
		{E87C73F7-8E47-42D8-A213-23EDB831D39E} = {E2FCD178-2987-47BF-8374-FDC06E8ACA1B}
		{C55ACD49-2672-4A91-AEA2-2595BF1B34B3} = {E2FCD178-2987-47BF-8374-FDC06E8ACA1B}
		{35BB8ECF-9B22-453B-9E25-0BC7FD90C693} = {E4952EEF-720C-43EB-A973-F6E6A8CBDEA1}
		{875C6486-F38A-48F2-BC08-8C3F345BCF77} = {E4952EEF-720C-43EB-A973-F6E6A8CBDEA1}
		{E89CDAA6-9109-4B93-BE14-D62DD8247804} = {A53B40E0-3986-4B98-A44B-75B7E1D8C8CA}
		{EE4D22D9-CCEB-4E94-B822-34E7303433AC} = {A53B40E0-3986-4B98-A44B-75B7E1D8C8CA}
		{A9331129-7093-4929-A50A-AC04D5709A48} = {A53B40E0-3986-4B98-A44B-75B7E1D8C8CA}
	EndGlobalSection
EndGlobal
